
Microsoft Visual Studio Solution File, Format Version 12.00
# Visual Studio 15
VisualStudioVersion = 15.0.28307.902
MinimumVisualStudioVersion = 10.0.40219.1
Project("{FAE04EC0-301F-11D3-BF4B-00C04F79EFBC}") = "ProyectoCine", "ProyectoCine\ProyectoCine.csproj", "{9F37CF75-8248-4192-8E74-48B426A6BCAC}"
EndProject
Global
	GlobalSection(SolutionConfigurationPlatforms) = preSolution
		Debug|Any CPU = Debug|Any CPU
		Release|Any CPU = Release|Any CPU
	EndGlobalSection
	GlobalSection(ProjectConfigurationPlatforms) = postSolution
		{9F37CF75-8248-4192-8E74-48B426A6BCAC}.Debug|Any CPU.ActiveCfg = Debug|Any CPU
		{9F37CF75-8248-4192-8E74-48B426A6BCAC}.Debug|Any CPU.Build.0 = Debug|Any CPU
		{9F37CF75-8248-4192-8E74-48B426A6BCAC}.Release|Any CPU.ActiveCfg = Release|Any CPU
		{9F37CF75-8248-4192-8E74-48B426A6BCAC}.Release|Any CPU.Build.0 = Release|Any CPU
	EndGlobalSection
	GlobalSection(SolutionProperties) = preSolution
		HideSolutionNode = FALSE
	EndGlobalSection
	GlobalSection(ExtensibilityGlobals) = postSolution
		SolutionGuid = {53B80195-1EDC-45C3-8A46-B5EDC6F81543}
	EndGlobalSection
EndGlobal
