
Microsoft Visual Studio Solution File, Format Version 12.00
# Visual Studio 15
VisualStudioVersion = 15.0.28307.168
MinimumVisualStudioVersion = 10.0.40219.1
Project("{8BC9CEB8-8B4A-11D0-8D11-00A0C91BC942}") = "AVL", "AVL\AVL.vcxproj", "{8225D95B-7924-4966-B6AA-028C904E7981}"
EndProject
Global
	GlobalSection(SolutionConfigurationPlatforms) = preSolution
		Debug|x64 = Debug|x64
		Debug|x86 = Debug|x86
		Release|x64 = Release|x64
		Release|x86 = Release|x86
	EndGlobalSection
	GlobalSection(ProjectConfigurationPlatforms) = postSolution
		{8225D95B-7924-4966-B6AA-028C904E7981}.Debug|x64.ActiveCfg = Debug|x64
		{8225D95B-7924-4966-B6AA-028C904E7981}.Debug|x64.Build.0 = Debug|x64
		{8225D95B-7924-4966-B6AA-028C904E7981}.Debug|x86.ActiveCfg = Debug|Win32
		{8225D95B-7924-4966-B6AA-028C904E7981}.Debug|x86.Build.0 = Debug|Win32
		{8225D95B-7924-4966-B6AA-028C904E7981}.Release|x64.ActiveCfg = Release|x64
		{8225D95B-7924-4966-B6AA-028C904E7981}.Release|x64.Build.0 = Release|x64
		{8225D95B-7924-4966-B6AA-028C904E7981}.Release|x86.ActiveCfg = Release|Win32
		{8225D95B-7924-4966-B6AA-028C904E7981}.Release|x86.Build.0 = Release|Win32
	EndGlobalSection
	GlobalSection(SolutionProperties) = preSolution
		HideSolutionNode = FALSE
	EndGlobalSection
	GlobalSection(ExtensibilityGlobals) = postSolution
		SolutionGuid = {68951773-A4D4-4C53-A7D2-71625C0CF37C}
	EndGlobalSection
EndGlobal
